
Microsoft Visual Studio Solution File, Format Version 12.00
# Visual Studio 15
VisualStudioVersion = 15.0.28307.421
MinimumVisualStudioVersion = 10.0.40219.1
Project("{FAE04EC0-301F-11D3-BF4B-00C04F79EFBC}") = "WebApp", "WebApp\WebApp.csproj", "{5E8719CC-C34D-4CF0-AE49-0CF8948DDB78}"
EndProject
Project("{FAE04EC0-301F-11D3-BF4B-00C04F79EFBC}") = "WebApp.Tests", "WebApp.Tests\WebApp.Tests.csproj", "{FF04F0BB-9257-42B9-9D10-A259DC66687C}"
EndProject
Global
	GlobalSection(SolutionConfigurationPlatforms) = preSolution
		Debug|Any CPU = Debug|Any CPU
		Release|Any CPU = Release|Any CPU
	EndGlobalSection
	GlobalSection(ProjectConfigurationPlatforms) = postSolution
		{5E8719CC-C34D-4CF0-AE49-0CF8948DDB78}.Debug|Any CPU.ActiveCfg = Debug|Any CPU
		{5E8719CC-C34D-4CF0-AE49-0CF8948DDB78}.Debug|Any CPU.Build.0 = Debug|Any CPU
		{5E8719CC-C34D-4CF0-AE49-0CF8948DDB78}.Release|Any CPU.ActiveCfg = Release|Any CPU
		{5E8719CC-C34D-4CF0-AE49-0CF8948DDB78}.Release|Any CPU.Build.0 = Release|Any CPU
		{FF04F0BB-9257-42B9-9D10-A259DC66687C}.Debug|Any CPU.ActiveCfg = Debug|Any CPU
		{FF04F0BB-9257-42B9-9D10-A259DC66687C}.Debug|Any CPU.Build.0 = Debug|Any CPU
		{FF04F0BB-9257-42B9-9D10-A259DC66687C}.Release|Any CPU.ActiveCfg = Release|Any CPU
		{FF04F0BB-9257-42B9-9D10-A259DC66687C}.Release|Any CPU.Build.0 = Release|Any CPU
	EndGlobalSection
	GlobalSection(SolutionProperties) = preSolution
		HideSolutionNode = FALSE
	EndGlobalSection
	GlobalSection(ExtensibilityGlobals) = postSolution
		SolutionGuid = {80E55546-5731-4F1B-8D40-514F2F58B4B1}
	EndGlobalSection
EndGlobal
